github.com/davecgh/go-spew v1.1.0 h1:ZDRjVQ15GmhC3fiQ8ni8+OwkZQO4DARzQgrnXU1Liz8=
github.com/davecgh/go-spew v1.1.0/go.mod h1:J7Y8YcW2NihsgmVo/mv3lAwl/skON4iLHjSsI+c5H38=
github.com/davecgh/go-spew v1.1.1 h1:vj9j/u1bqnvCEfJOwUhtlOARqs3+rkHYY13jYWTU97c=
github.com/davecgh/go-spew v1.1.1/go.mod h1:J7Y8YcW2NihsgmVo/mv3lAwl/skON4iLHjSsI+c5H38=
github.com/fatih/color v1.7.0 h1:DkWD4oS2D8LGGgTQ6IvwJJXSL5Vp2ffcQg58nFV38Ys=
github.com/fatih/color v1.7.0/go.mod h1:Zm6kSWBoL9eyXnKyktHP6abPY2pDugNf5KwzbycvMj4=
github.com/mattn/go-colorable v0.1.2 h1:/bC9yWikZXAL9uJdulbSfyVNIR3n3trXl+v8+1sx8mU=
github.com/mattn/go-colorable v0.1.2/go.mod h1:U0ppj6V5qS13XJ6of8GYAs25YV2eR4EVcfRqFIhoBtE=
github.com/mattn/go-isatty v0.0.8 h1:HLtExJ+uU2HOZ+wI0Tt5DtUDrx8yhUqDcp7fYERX4CE=
github.com/mattn/go-isatty v0.0.8/go.mod h1:Iq45c/XA43vh69/j3iqttzPXn0bhXyGjM0Hdxcsrc5s=
github.com/pmezard/go-difflib v1.0.0 h1:4DBwDE0NGyQoBHbLQYPwSUPoCMWR5BEzIk/f1lZbAQM=
github.com/pmezard/go-difflib v1.0.0/go.mod h1:iKH77koFhYxTK1pcRnkKkqfTogsbg7gZNVY4sRDYZ/4=
github.com/stretchr/objx v0.1.0/go.mod h1:HFkY916IF+rwdDfMAkV7OtwuqBVzrE8GR6GFx+wExME=
github.com/stretchr/objx v0.2.0/go.mod h1:qt09Ya8vawLte6SNmTgCsAVtYtaKzEcn8ATUoHMkEqE=
github.com/stretchr/powerwalk v0.0.0-20151124150408-bceb9d014549 h1:zjTKDjwZy1IVyLos+s70iYMwL/ZVojUbIDX5kghHa1Q=
github.com/stretchr/powerwalk v0.0.0-20151124150408-bceb9d014549/go.mod h1:RhJzAYfVBD/ULOCeUUaTn0CHDRQBYHjDY7yYpSt6+4M=
github.com/stretchr/testify v1.3.0 h1:TivCn/peBQ7UY8ooIcPgZFpTNSz0Q2U6UrFlUfqbe0Q=
github.com/stretchr/testify v1.3.0/go.mod h1:M5WIy9Dh21IEIfnGCwXGc5bZfKNJtfHm1UVUgZn+9EI=
github.com/urfave/cli v1.20.0 h1:fDqGv3UG/4jbVl/QkFwEdddtEDjh/5Ov6X+0B/3bPaw=
github.com/urfave/cli v1.20.0/go.mod h1:70zkFmudgCuE/ngEzBv17Jvp/497gISqfk5gWijbERA=
github.com/xyproto/crossfade v0.0.0-20190210121323-d884599bd751 h1:9Gj2LYEpPqSE24gIXTak9Ej6HJtZOgFuDlr4xZ2SI3M=
github.com/xyproto/crossfade v0.0.0-20190210121323-d884599bd751/go.mod h1:EW9b0FpDSnr36patXgO6i09AJJpZ6z+kFxerNwrIoCU=
github.com/xyproto/event v3.0.0+incompatible h1:JkFvjyrYdVgH0xT+gGuQ8zAra0dUhywMj9m7LoboaWE=
github.com/xyproto/event v3.0.0+incompatible/go.mod h1:IAzZJ4LWfM+NVUT/NK5u0Xzvlyo0kFrsRlyrKoHiPp4=
github.com/xyproto/gnometimed v1.0.7 h1:L0eSv2wAEYI+l7rhgSA1b6a4aT1GCrhFGizobLrwlcI=
github.com/xyproto/gnometimed v1.0.7/go.mod h1:yZX/hvCDcxmN0sZO2MmjDIy9JchxX3ZTHgrNCYwu2c0=
github.com/xyproto/gnometimed v1.0.8-0.20190610123140-e0dff4ff3f0f h1:x0KFek3YRqfP22m85O/r5bLBkGUsMCc6iYxcwW+mKV8=
github.com/xyproto/gnometimed v1.0.8-0.20190610123140-e0dff4ff3f0f/go.mod h1:pFyZg7fqvkkc7TUsgOmY3Me0QPu7gzUt6J4Ky+0Uans=
github.com/xyproto/imagelib v0.0.0-20190209194312-bbbf5649f300 h1:Qje6856C+ZLSjBbX9cW3bTycIT2RD4xYebbE2b+la80=
github.com/xyproto/imagelib v0.0.0-20190209194312-bbbf5649f300/go.mod h1:28DiltQEyXiqtA/q9l1+cRteOIozAh1J7/oyzbiR4iM=
github.com/xyproto/simpletimed v1.0.8 h1:y63hE6Hw3klWRbcMWAerLNEL3JuW9i8Ga8Z7qyLqihg=
github.com/xyproto/simpletimed v1.0.8/go.mod h1:Sv60V9fwEDszmb6V4M8BOMr3gNNUIRBYoNEFKzXUUN4=
github.com/xyproto/simpletimed v1.0.9-0.20190610121941-ea0cd56eea21 h1:ZoUvD6zXTCC7tai12LWicVe7QQHqNwW4D7I413E3GMI=
github.com/xyproto/simpletimed v1.0.9-0.20190610121941-ea0cd56eea21/go.mod h1:Sv60V9fwEDszmb6V4M8BOMr3gNNUIRBYoNEFKzXUUN4=
golang.org/x/sys v0.0.0-20190222072716-a9d3bda3a223/go.mod h1:STP8DvDyc/dI5b8T5hshtkjS+E42TnysNCUPdjciGhY=
golang.org/x/sys v0.0.0-20190602015325-4c4f7f33c9ed h1:uPxWBzB3+mlnjy9W58qY1j/cjyFjutgw/Vhan2zLy/A=
golang.org/x/sys v0.0.0-20190602015325-4c4f7f33c9ed/go.mod h1:h1NjWce9XRLGQEsW7wpKNCjG9DtNlClVuFLEZdDNbEs=
golang.org/x/sys v0.0.0-20190610081024-1e42afee0f76 h1:QSmW7Q3mFdAGjtAd0byXmFJ55inUydyZ4WQmiuItAIQ=
golang.org/x/sys v0.0.0-20190610081024-1e42afee0f76/go.mod h1:h1NjWce9XRLGQEsW7wpKNCjG9DtNlClVuFLEZdDNbEs=
